
Microsoft Visual Studio Solution File, Format Version 12.00
# Visual Studio Version 16
VisualStudioVersion = 16.0.33214.272
MinimumVisualStudioVersion = 10.0.40219.1
Project("{8BC9CEB8-8B4A-11D0-8D11-00A0C91BC942}") = "libGoldHEN", "libGoldHEN\libGoldHEN.vcxproj", "{75E043DC-19E4-4E81-A399-32328EF19AE8}"
EndProject
Global
	GlobalSection(SolutionConfigurationPlatforms) = preSolution
		Debug|ORBIS = Debug|ORBIS
		Release|ORBIS = Release|ORBIS
	EndGlobalSection
	GlobalSection(ProjectConfigurationPlatforms) = postSolution
		{75E043DC-19E4-4E81-A399-32328EF19AE8}.Debug|ORBIS.ActiveCfg = Debug|ORBIS
		{75E043DC-19E4-4E81-A399-32328EF19AE8}.Debug|ORBIS.Build.0 = Debug|ORBIS
		{75E043DC-19E4-4E81-A399-32328EF19AE8}.Release|ORBIS.ActiveCfg = Release|ORBIS
		{75E043DC-19E4-4E81-A399-32328EF19AE8}.Release|ORBIS.Build.0 = Release|ORBIS
	EndGlobalSection
	GlobalSection(SolutionProperties) = preSolution
		HideSolutionNode = FALSE
	EndGlobalSection
	GlobalSection(ExtensibilityGlobals) = postSolution
		SolutionGuid = {89F5EBD4-83FE-4BB4-BF4B-9DD4690B905A}
	EndGlobalSection
EndGlobal
